
Microsoft Visual Studio Solution File, Format Version 12.00
# Visual Studio Version 17
VisualStudioVersion = 17.0.31903.59
MinimumVisualStudioVersion = 10.0.40219.1
Project("{FAE04EC0-301F-11D3-BF4B-00C04F79EFBC}") = "MyChroniclesApi.Contracts", "MyChroniclesApi.Contracts\MyChroniclesApi.Contracts.csproj", "{85F4417C-8E24-49FD-9EFF-4A77C23FB660}"
EndProject
Project("{FAE04EC0-301F-11D3-BF4B-00C04F79EFBC}") = "MyChroniclesApi", "MyChroniclesApi\MyChroniclesApi.csproj", "{79334AD8-E461-4842-89AE-C3AE30906006}"
EndProject
Global
	GlobalSection(SolutionConfigurationPlatforms) = preSolution
		Debug|Any CPU = Debug|Any CPU
		Release|Any CPU = Release|Any CPU
	EndGlobalSection
	GlobalSection(SolutionProperties) = preSolution
		HideSolutionNode = FALSE
	EndGlobalSection
	GlobalSection(ProjectConfigurationPlatforms) = postSolution
		{85F4417C-8E24-49FD-9EFF-4A77C23FB660}.Debug|Any CPU.ActiveCfg = Debug|Any CPU
		{85F4417C-8E24-49FD-9EFF-4A77C23FB660}.Debug|Any CPU.Build.0 = Debug|Any CPU
		{85F4417C-8E24-49FD-9EFF-4A77C23FB660}.Release|Any CPU.ActiveCfg = Release|Any CPU
		{85F4417C-8E24-49FD-9EFF-4A77C23FB660}.Release|Any CPU.Build.0 = Release|Any CPU
		{79334AD8-E461-4842-89AE-C3AE30906006}.Debug|Any CPU.ActiveCfg = Debug|Any CPU
		{79334AD8-E461-4842-89AE-C3AE30906006}.Debug|Any CPU.Build.0 = Debug|Any CPU
		{79334AD8-E461-4842-89AE-C3AE30906006}.Release|Any CPU.ActiveCfg = Release|Any CPU
		{79334AD8-E461-4842-89AE-C3AE30906006}.Release|Any CPU.Build.0 = Release|Any CPU
	EndGlobalSection
EndGlobal
